
Microsoft Visual Studio Solution File, Format Version 12.00
# Visual Studio Version 17
VisualStudioVersion = 17.4.33205.214
MinimumVisualStudioVersion = 10.0.40219.1
Project("{FAE04EC0-301F-11D3-BF4B-00C04F79EFBC}") = "AdivinaElNumero", "AdivinaElNumero\AdivinaElNumero.csproj", "{247CA7A4-48F3-4A15-ACD9-A90450119532}"
EndProject
Global
	GlobalSection(SolutionConfigurationPlatforms) = preSolution
		Debug|Any CPU = Debug|Any CPU
		Release|Any CPU = Release|Any CPU
	EndGlobalSection
	GlobalSection(ProjectConfigurationPlatforms) = postSolution
		{247CA7A4-48F3-4A15-ACD9-A90450119532}.Debug|Any CPU.ActiveCfg = Debug|Any CPU
		{247CA7A4-48F3-4A15-ACD9-A90450119532}.Debug|Any CPU.Build.0 = Debug|Any CPU
		{247CA7A4-48F3-4A15-ACD9-A90450119532}.Release|Any CPU.ActiveCfg = Release|Any CPU
		{247CA7A4-48F3-4A15-ACD9-A90450119532}.Release|Any CPU.Build.0 = Release|Any CPU
	EndGlobalSection
	GlobalSection(SolutionProperties) = preSolution
		HideSolutionNode = FALSE
	EndGlobalSection
	GlobalSection(ExtensibilityGlobals) = postSolution
		SolutionGuid = {D4A657CD-EA7B-4DE2-806C-B44138478258}
	EndGlobalSection
EndGlobal
